
Microsoft Visual Studio Solution File, Format Version 11.00
# Visual Studio 2010
Project("{8BC9CEB8-8B4A-11D0-8D11-00A0C91BC942}") = "Bind", "Bind\Bind.vcxproj", "{812CCAA1-554E-432A-A081-60E28DAC28E2}"
EndProject
Project("{8BC9CEB8-8B4A-11D0-8D11-00A0C91BC942}") = "BindSimple", "BindSimple\BindSimple.vcxproj", "{4E419D5A-92E4-4F5C-A396-1329F74CA4D0}"
EndProject
Project("{8BC9CEB8-8B4A-11D0-8D11-00A0C91BC942}") = "VectorRotate", "VectorRotate\VectorRotate.vcxproj", "{5B217287-1F7F-4475-BD92-BA19FD65A3FB}"
EndProject
Global
	GlobalSection(SolutionConfigurationPlatforms) = preSolution
		Debug|Win32 = Debug|Win32
		Release|Win32 = Release|Win32
	EndGlobalSection
	GlobalSection(ProjectConfigurationPlatforms) = postSolution
		{812CCAA1-554E-432A-A081-60E28DAC28E2}.Debug|Win32.ActiveCfg = Debug|Win32
		{812CCAA1-554E-432A-A081-60E28DAC28E2}.Debug|Win32.Build.0 = Debug|Win32
		{812CCAA1-554E-432A-A081-60E28DAC28E2}.Release|Win32.ActiveCfg = Release|Win32
		{812CCAA1-554E-432A-A081-60E28DAC28E2}.Release|Win32.Build.0 = Release|Win32
		{4E419D5A-92E4-4F5C-A396-1329F74CA4D0}.Debug|Win32.ActiveCfg = Debug|Win32
		{4E419D5A-92E4-4F5C-A396-1329F74CA4D0}.Debug|Win32.Build.0 = Debug|Win32
		{4E419D5A-92E4-4F5C-A396-1329F74CA4D0}.Release|Win32.ActiveCfg = Release|Win32
		{4E419D5A-92E4-4F5C-A396-1329F74CA4D0}.Release|Win32.Build.0 = Release|Win32
		{5B217287-1F7F-4475-BD92-BA19FD65A3FB}.Debug|Win32.ActiveCfg = Debug|Win32
		{5B217287-1F7F-4475-BD92-BA19FD65A3FB}.Debug|Win32.Build.0 = Debug|Win32
		{5B217287-1F7F-4475-BD92-BA19FD65A3FB}.Release|Win32.ActiveCfg = Release|Win32
		{5B217287-1F7F-4475-BD92-BA19FD65A3FB}.Release|Win32.Build.0 = Release|Win32
	EndGlobalSection
	GlobalSection(SolutionProperties) = preSolution
		HideSolutionNode = FALSE
	EndGlobalSection
EndGlobal
